
Microsoft Visual Studio Solution File, Format Version 12.00
# Visual Studio Version 17
VisualStudioVersion = 17.0.32126.317
MinimumVisualStudioVersion = 10.0.40219.1
Project("{FAE04EC0-301F-11D3-BF4B-00C04F79EFBC}") = "Setup", "Setup\Setup.csproj", "{2B80D851-3878-45B3-B011-618FDE28D7EC}"
EndProject
Global
	GlobalSection(SolutionConfigurationPlatforms) = preSolution
		Debug|Any CPU = Debug|Any CPU
		Release|Any CPU = Release|Any CPU
	EndGlobalSection
	GlobalSection(ProjectConfigurationPlatforms) = postSolution
		{2B80D851-3878-45B3-B011-618FDE28D7EC}.Debug|Any CPU.ActiveCfg = Debug|Any CPU
		{2B80D851-3878-45B3-B011-618FDE28D7EC}.Debug|Any CPU.Build.0 = Debug|Any CPU
		{2B80D851-3878-45B3-B011-618FDE28D7EC}.Release|Any CPU.ActiveCfg = Release|Any CPU
		{2B80D851-3878-45B3-B011-618FDE28D7EC}.Release|Any CPU.Build.0 = Release|Any CPU
	EndGlobalSection
	GlobalSection(SolutionProperties) = preSolution
		HideSolutionNode = FALSE
	EndGlobalSection
	GlobalSection(ExtensibilityGlobals) = postSolution
		SolutionGuid = {7E1B324B-9781-4126-80F1-F8306FA0C174}
	EndGlobalSection
EndGlobal
