
Microsoft Visual Studio Solution File, Format Version 12.00
# Visual Studio Version 17
VisualStudioVersion = 17.0.32126.317
MinimumVisualStudioVersion = 10.0.40219.1
Project("{FAE04EC0-301F-11D3-BF4B-00C04F79EFBC}") = "Lab4", "Lab4\Lab4.csproj", "{BD3F638C-93F4-45EE-97EB-621E2B6E8267}"
EndProject
Global
	GlobalSection(SolutionConfigurationPlatforms) = preSolution
		Debug|Any CPU = Debug|Any CPU
		Release|Any CPU = Release|Any CPU
	EndGlobalSection
	GlobalSection(ProjectConfigurationPlatforms) = postSolution
		{BD3F638C-93F4-45EE-97EB-621E2B6E8267}.Debug|Any CPU.ActiveCfg = Debug|Any CPU
		{BD3F638C-93F4-45EE-97EB-621E2B6E8267}.Debug|Any CPU.Build.0 = Debug|Any CPU
		{BD3F638C-93F4-45EE-97EB-621E2B6E8267}.Release|Any CPU.ActiveCfg = Release|Any CPU
		{BD3F638C-93F4-45EE-97EB-621E2B6E8267}.Release|Any CPU.Build.0 = Release|Any CPU
	EndGlobalSection
	GlobalSection(SolutionProperties) = preSolution
		HideSolutionNode = FALSE
	EndGlobalSection
	GlobalSection(ExtensibilityGlobals) = postSolution
		SolutionGuid = {ACF97F8C-0420-42C4-A1B4-21371E578463}
	EndGlobalSection
EndGlobal
